
Microsoft Visual Studio Solution File, Format Version 12.00
# Visual Studio 15
VisualStudioVersion = 15.0.28307.329
MinimumVisualStudioVersion = 10.0.40219.1
Project("{FAE04EC0-301F-11D3-BF4B-00C04F79EFBC}") = "WebApplication2", "WebApplication2\WebApplication2.csproj", "{569097F7-99C3-4FCB-836B-9FA57341361E}"
EndProject
Global
	GlobalSection(SolutionConfigurationPlatforms) = preSolution
		Debug|Any CPU = Debug|Any CPU
		Release|Any CPU = Release|Any CPU
	EndGlobalSection
	GlobalSection(ProjectConfigurationPlatforms) = postSolution
		{569097F7-99C3-4FCB-836B-9FA57341361E}.Debug|Any CPU.ActiveCfg = Debug|Any CPU
		{569097F7-99C3-4FCB-836B-9FA57341361E}.Debug|Any CPU.Build.0 = Debug|Any CPU
		{569097F7-99C3-4FCB-836B-9FA57341361E}.Release|Any CPU.ActiveCfg = Release|Any CPU
		{569097F7-99C3-4FCB-836B-9FA57341361E}.Release|Any CPU.Build.0 = Release|Any CPU
	EndGlobalSection
	GlobalSection(SolutionProperties) = preSolution
		HideSolutionNode = FALSE
	EndGlobalSection
	GlobalSection(ExtensibilityGlobals) = postSolution
		SolutionGuid = {369F77E9-20B9-420A-A5F2-F3287AE1FE8A}
	EndGlobalSection
EndGlobal
